// !$*UTF8*$!
{
	archiveVersion = 1;
	classes = {
	};
	objectVersion = 56;
	objects = {

/* Begin PBXBuildFile section */
		BEFB266229C9E0100065B0B8 /* AppDelegate.swift in Sources */ = {isa = PBXBuildFile; fileRef = BEFB266129C9E0100065B0B8 /* AppDelegate.swift */; };
		BEFB266629C9E0100065B0B8 /* MainTableViewController.swift in Sources */ = {isa = PBXBuildFile; fileRef = BEFB266529C9E0100065B0B8 /* MainTableViewController.swift */; };
		BEFB266B29C9E0120065B0B8 /* Assets.xcassets in Resources */ = {isa = PBXBuildFile; fileRef = BEFB266A29C9E0120065B0B8 /* Assets.xcassets */; };
		BEFB266E29C9E0120065B0B8 /* LaunchScreen.storyboard in Resources */ = {isa = PBXBuildFile; fileRef = BEFB266C29C9E0120065B0B8 /* LaunchScreen.storyboard */; };
		BEFB267C29C9F0550065B0B8 /* Resources.swift in Sources */ = {isa = PBXBuildFile; fileRef = BEFB267B29C9F0550065B0B8 /* Resources.swift */; };
		BEFB267F29C9F30B0065B0B8 /* MainTableViewCell.swift in Sources */ = {isa = PBXBuildFile; fileRef = BEFB267E29C9F30A0065B0B8 /* MainTableViewCell.swift */; };
		BEFB268329CA01D70065B0B8 /* UIView + Extension.swift in Sources */ = {isa = PBXBuildFile; fileRef = BEFB268229CA01D70065B0B8 /* UIView + Extension.swift */; };
		BEFB268729CA0B6F0065B0B8 /* EditingTableViewControllers.swift in Sources */ = {isa = PBXBuildFile; fileRef = BEFB268629CA0B6F0065B0B8 /* EditingTableViewControllers.swift */; };
/* End PBXBuildFile section */

/* Begin PBXFileReference section */
		BEFB265E29C9E0100065B0B8 /* MyData.app */ = {isa = PBXFileReference; explicitFileType = wrapper.application; includeInIndex = 0; path = MyData.app; sourceTree = BUILT_PRODUCTS_DIR; };
		BEFB266129C9E0100065B0B8 /* AppDelegate.swift */ = {isa = PBXFileReference; lastKnownFileType = sourcecode.swift; path = AppDelegate.swift; sourceTree = "<group>"; };
		BEFB266529C9E0100065B0B8 /* MainTableViewController.swift */ = {isa = PBXFileReference; lastKnownFileType = sourcecode.swift; path = MainTableViewController.swift; sourceTree = "<group>"; };
		BEFB266A29C9E0120065B0B8 /* Assets.xcassets */ = {isa = PBXFileReference; lastKnownFileType = folder.assetcatalog; path = Assets.xcassets; sourceTree = "<group>"; };
		BEFB266D29C9E0120065B0B8 /* Base */ = {isa = PBXFileReference; lastKnownFileType = file.storyboard; name = Base; path = Base.lproj/LaunchScreen.storyboard; sourceTree = "<group>"; };
		BEFB266F29C9E0120065B0B8 /* Info.plist */ = {isa = PBXFileReference; lastKnownFileType = text.plist.xml; path = Info.plist; sourceTree = "<group>"; };
		BEFB267B29C9F0550065B0B8 /* Resources.swift */ = {isa = PBXFileReference; lastKnownFileType = sourcecode.swift; path = Resources.swift; sourceTree = "<group>"; };
		BEFB267E29C9F30A0065B0B8 /* MainTableViewCell.swift */ = {isa = PBXFileReference; lastKnownFileType = sourcecode.swift; path = MainTableViewCell.swift; sourceTree = "<group>"; };
		BEFB268229CA01D70065B0B8 /* UIView + Extension.swift */ = {isa = PBXFileReference; lastKnownFileType = sourcecode.swift; path = "UIView + Extension.swift"; sourceTree = "<group>"; };
		BEFB268629CA0B6F0065B0B8 /* EditingTableViewControllers.swift */ = {isa = PBXFileReference; lastKnownFileType = sourcecode.swift; path = EditingTableViewControllers.swift; sourceTree = "<group>"; };
/* End PBXFileReference section */

/* Begin PBXFrameworksBuildPhase section */
		BEFB265B29C9E0100065B0B8 /* Frameworks */ = {
			isa = PBXFrameworksBuildPhase;
			buildActionMask = 2147483647;
			files = (
			);
			runOnlyForDeploymentPostprocessing = 0;
		};
/* End PBXFrameworksBuildPhase section */

/* Begin PBXGroup section */
		BEFB265529C9E0100065B0B8 = {
			isa = PBXGroup;
			children = (
				BEFB266029C9E0100065B0B8 /* MyData */,
				BEFB265F29C9E0100065B0B8 /* Products */,
			);
			sourceTree = "<group>";
		};
		BEFB265F29C9E0100065B0B8 /* Products */ = {
			isa = PBXGroup;
			children = (
				BEFB265E29C9E0100065B0B8 /* MyData.app */,
			);
			name = Products;
			sourceTree = "<group>";
		};
		BEFB266029C9E0100065B0B8 /* MyData */ = {
			isa = PBXGroup;
			children = (
				BEFB268429CA0B360065B0B8 /* EditingModule */,
				BEFB267A29C9F00A0065B0B8 /* Resources */,
				BEFB267529C9E15F0065B0B8 /* Application */,
				BEFB267829C9E2E00065B0B8 /* MainModule */,
				BEFB267729C9E1D20065B0B8 /* SupportingFiles */,
				BEFB268029CA01990065B0B8 /* Extension */,
			);
			path = MyData;
			sourceTree = "<group>";
		};
		BEFB267529C9E15F0065B0B8 /* Application */ = {
			isa = PBXGroup;
			children = (
				BEFB266129C9E0100065B0B8 /* AppDelegate.swift */,
			);
			path = Application;
			sourceTree = "<group>";
		};
		BEFB267729C9E1D20065B0B8 /* SupportingFiles */ = {
			isa = PBXGroup;
			children = (
				BEFB266C29C9E0120065B0B8 /* LaunchScreen.storyboard */,
				BEFB266F29C9E0120065B0B8 /* Info.plist */,
				BEFB266A29C9E0120065B0B8 /* Assets.xcassets */,
			);
			path = SupportingFiles;
			sourceTree = "<group>";
		};
		BEFB267829C9E2E00065B0B8 /* MainModule */ = {
			isa = PBXGroup;
			children = (
				BEFB267D29C9F2F30065B0B8 /* Views */,
				BEFB267929C9E2F00065B0B8 /* Controllers */,
			);
			path = MainModule;
			sourceTree = "<group>";
		};
		BEFB267929C9E2F00065B0B8 /* Controllers */ = {
			isa = PBXGroup;
			children = (
				BEFB266529C9E0100065B0B8 /* MainTableViewController.swift */,
			);
			path = Controllers;
			sourceTree = "<group>";
		};
		BEFB267A29C9F00A0065B0B8 /* Resources */ = {
			isa = PBXGroup;
			children = (
				BEFB267B29C9F0550065B0B8 /* Resources.swift */,
			);
			path = Resources;
			sourceTree = "<group>";
		};
		BEFB267D29C9F2F30065B0B8 /* Views */ = {
			isa = PBXGroup;
			children = (
				BEFB267E29C9F30A0065B0B8 /* MainTableViewCell.swift */,
			);
			path = Views;
			sourceTree = "<group>";
		};
		BEFB268029CA01990065B0B8 /* Extension */ = {
			isa = PBXGroup;
			children = (
				BEFB268129CA01B60065B0B8 /* UIKit */,
			);
			path = Extension;
			sourceTree = "<group>";
		};
		BEFB268129CA01B60065B0B8 /* UIKit */ = {
			isa = PBXGroup;
			children = (
				BEFB268229CA01D70065B0B8 /* UIView + Extension.swift */,
			);
			path = UIKit;
			sourceTree = "<group>";
		};
		BEFB268429CA0B360065B0B8 /* EditingModule */ = {
			isa = PBXGroup;
			children = (
				BEFB268529CA0B4B0065B0B8 /* Controllers */,
			);
			path = EditingModule;
			sourceTree = "<group>";
		};
		BEFB268529CA0B4B0065B0B8 /* Controllers */ = {
			isa = PBXGroup;
			children = (
				BEFB268629CA0B6F0065B0B8 /* EditingTableViewControllers.swift */,
			);
			path = Controllers;
			sourceTree = "<group>";
		};
/* End PBXGroup section */

/* Begin PBXNativeTarget section */
		BEFB265D29C9E0100065B0B8 /* MyData */ = {
			isa = PBXNativeTarget;
			buildConfigurationList = BEFB267229C9E0120065B0B8 /* Build configuration list for PBXNativeTarget "MyData" */;
			buildPhases = (
				BEFB265A29C9E0100065B0B8 /* Sources */,
				BEFB265B29C9E0100065B0B8 /* Frameworks */,
				BEFB265C29C9E0100065B0B8 /* Resources */,
			);
			buildRules = (
			);
			dependencies = (
			);
			name = MyData;
			productName = MyData;
			productReference = BEFB265E29C9E0100065B0B8 /* MyData.app */;
			productType = "com.apple.product-type.application";
		};
/* End PBXNativeTarget section */

/* Begin PBXProject section */
		BEFB265629C9E0100065B0B8 /* Project object */ = {
			isa = PBXProject;
			attributes = {
				BuildIndependentTargetsInParallel = 1;
				LastSwiftUpdateCheck = 1400;
				LastUpgradeCheck = 1400;
				TargetAttributes = {
					BEFB265D29C9E0100065B0B8 = {
						CreatedOnToolsVersion = 14.0.1;
					};
				};
			};
			buildConfigurationList = BEFB265929C9E0100065B0B8 /* Build configuration list for PBXProject "MyData" */;
			compatibilityVersion = "Xcode 14.0";
			developmentRegion = en;
			hasScannedForEncodings = 0;
			knownRegions = (
				en,
				Base,
			);
			mainGroup = BEFB265529C9E0100065B0B8;
			productRefGroup = BEFB265F29C9E0100065B0B8 /* Products */;
			projectDirPath = "";
			projectRoot = "";
			targets = (
				BEFB265D29C9E0100065B0B8 /* MyData */,
			);
		};
/* End PBXProject section */

/* Begin PBXResourcesBuildPhase section */
		BEFB265C29C9E0100065B0B8 /* Resources */ = {
			isa = PBXResourcesBuildPhase;
			buildActionMask = 2147483647;
			files = (
				BEFB266E29C9E0120065B0B8 /* LaunchScreen.storyboard in Resources */,
				BEFB266B29C9E0120065B0B8 /* Assets.xcassets in Resources */,
			);
			runOnlyForDeploymentPostprocessing = 0;
		};
/* End PBXResourcesBuildPhase section */

/* Begin PBXSourcesBuildPhase section */
		BEFB265A29C9E0100065B0B8 /* Sources */ = {
			isa = PBXSourcesBuildPhase;
			buildActionMask = 2147483647;
			files = (
				BEFB268729CA0B6F0065B0B8 /* EditingTableViewControllers.swift in Sources */,
				BEFB267C29C9F0550065B0B8 /* Resources.swift in Sources */,
				BEFB266629C9E0100065B0B8 /* MainTableViewController.swift in Sources */,
				BEFB267F29C9F30B0065B0B8 /* MainTableViewCell.swift in Sources */,
				BEFB268329CA01D70065B0B8 /* UIView + Extension.swift in Sources */,
				BEFB266229C9E0100065B0B8 /* AppDelegate.swift in Sources */,
			);
			runOnlyForDeploymentPostprocessing = 0;
		};
/* End PBXSourcesBuildPhase section */

/* Begin PBXVariantGroup section */
		BEFB266C29C9E0120065B0B8 /* LaunchScreen.storyboard */ = {
			isa = PBXVariantGroup;
			children = (
				BEFB266D29C9E0120065B0B8 /* Base */,
			);
			name = LaunchScreen.storyboard;
			sourceTree = "<group>";
		};
/* End PBXVariantGroup section */

/* Begin XCBuildConfiguration section */
		BEFB267029C9E0120065B0B8 /* Debug */ = {
			isa = XCBuildConfiguration;
			buildSettings = {
				ALWAYS_SEARCH_USER_PATHS = NO;
				CLANG_ANALYZER_NONNULL = YES;
				CLANG_ANALYZER_NUMBER_OBJECT_CONVERSION = YES_AGGRESSIVE;
				CLANG_CXX_LANGUAGE_STANDARD = "gnu++20";
				CLANG_ENABLE_MODULES = YES;
				CLANG_ENABLE_OBJC_ARC = YES;
				CLANG_ENABLE_OBJC_WEAK = YES;
				CLANG_WARN_BLOCK_CAPTURE_AUTORELEASING = YES;
				CLANG_WARN_BOOL_CONVERSION = YES;
				CLANG_WARN_COMMA = YES;
				CLANG_WARN_CONSTANT_CONVERSION = YES;
				CLANG_WARN_DEPRECATED_OBJC_IMPLEMENTATIONS = YES;
				CLANG_WARN_DIRECT_OBJC_ISA_USAGE = YES_ERROR;
				CLANG_WARN_DOCUMENTATION_COMMENTS = YES;
				CLANG_WARN_EMPTY_BODY = YES;
				CLANG_WARN_ENUM_CONVERSION = YES;
				CLANG_WARN_INFINITE_RECURSION = YES;
				CLANG_WARN_INT_CONVERSION = YES;
				CLANG_WARN_NON_LITERAL_NULL_CONVERSION = YES;
				CLANG_WARN_OBJC_IMPLICIT_RETAIN_SELF = YES;
				CLANG_WARN_OBJC_LITERAL_CONVERSION = YES;
				CLANG_WARN_OBJC_ROOT_CLASS = YES_ERROR;
				CLANG_WARN_QUOTED_INCLUDE_IN_FRAMEWORK_HEADER = YES;
				CLANG_WARN_RANGE_LOOP_ANALYSIS = YES;
				CLANG_WARN_STRICT_PROTOTYPES = YES;
				CLANG_WARN_SUSPICIOUS_MOVE = YES;
				CLANG_WARN_UNGUARDED_AVAILABILITY = YES_AGGRESSIVE;
				CLANG_WARN_UNREACHABLE_CODE = YES;
				CLANG_WARN__DUPLICATE_METHOD_MATCH = YES;
				COPY_PHASE_STRIP = NO;
				DEBUG_INFORMATION_FORMAT = dwarf;
				ENABLE_STRICT_OBJC_MSGSEND = YES;
				ENABLE_TESTABILITY = YES;
				GCC_C_LANGUAGE_STANDARD = gnu11;
				GCC_DYNAMIC_NO_PIC = NO;
				GCC_NO_COMMON_BLOCKS = YES;
				GCC_OPTIMIZATION_LEVEL = 0;
				GCC_PREPROCESSOR_DEFINITIONS = (
					"DEBUG=1",
					"$(inherited)",
				);
				GCC_WARN_64_TO_32_BIT_CONVERSION = YES;
				GCC_WARN_ABOUT_RETURN_TYPE = YES_ERROR;
				GCC_WARN_UNDECLARED_SELECTOR = YES;
				GCC_WARN_UNINITIALIZED_AUTOS = YES_AGGRESSIVE;
				GCC_WARN_UNUSED_FUNCTION = YES;
				GCC_WARN_UNUSED_VARIABLE = YES;
				IPHONEOS_DEPLOYMENT_TARGET = 12.0;
				MTL_ENABLE_DEBUG_INFO = INCLUDE_SOURCE;
				MTL_FAST_MATH = YES;
				ONLY_ACTIVE_ARCH = YES;
				SDKROOT = iphoneos;
				SWIFT_ACTIVE_COMPILATION_CONDITIONS = DEBUG;
				SWIFT_OPTIMIZATION_LEVEL = "-Onone";
			};
			name = Debug;
		};
		BEFB267129C9E0120065B0B8 /* Release */ = {
			isa = XCBuildConfiguration;
			buildSettings = {
				ALWAYS_SEARCH_USER_PATHS = NO;
				CLANG_ANALYZER_NONNULL = YES;
				CLANG_ANALYZER_NUMBER_OBJECT_CONVERSION = YES_AGGRESSIVE;
				CLANG_CXX_LANGUAGE_STANDARD = "gnu++20";
				CLANG_ENABLE_MODULES = YES;
				CLANG_ENABLE_OBJC_ARC = YES;
				CLANG_ENABLE_OBJC_WEAK = YES;
				CLANG_WARN_BLOCK_CAPTURE_AUTORELEASING = YES;
				CLANG_WARN_BOOL_CONVERSION = YES;
				CLANG_WARN_COMMA = YES;
				CLANG_WARN_CONSTANT_CONVERSION = YES;
				CLANG_WARN_DEPRECATED_OBJC_IMPLEMENTATIONS = YES;
				CLANG_WARN_DIRECT_OBJC_ISA_USAGE = YES_ERROR;
				CLANG_WARN_DOCUMENTATION_COMMENTS = YES;
				CLANG_WARN_EMPTY_BODY = YES;
				CLANG_WARN_ENUM_CONVERSION = YES;
				CLANG_WARN_INFINITE_RECURSION = YES;
				CLANG_WARN_INT_CONVERSION = YES;
				CLANG_WARN_NON_LITERAL_NULL_CONVERSION = YES;
				CLANG_WARN_OBJC_IMPLICIT_RETAIN_SELF = YES;
				CLANG_WARN_OBJC_LITERAL_CONVERSION = YES;
				CLANG_WARN_OBJC_ROOT_CLASS = YES_ERROR;
				CLANG_WARN_QUOTED_INCLUDE_IN_FRAMEWORK_HEADER = YES;
				CLANG_WARN_RANGE_LOOP_ANALYSIS = YES;
				CLANG_WARN_STRICT_PROTOTYPES = YES;
				CLANG_WARN_SUSPICIOUS_MOVE = YES;
				CLANG_WARN_UNGUARDED_AVAILABILITY = YES_AGGRESSIVE;
				CLANG_WARN_UNREACHABLE_CODE = YES;
				CLANG_WARN__DUPLICATE_METHOD_MATCH = YES;
				COPY_PHASE_STRIP = NO;
				DEBUG_INFORMATION_FORMAT = "dwarf-with-dsym";
				ENABLE_NS_ASSERTIONS = NO;
				ENABLE_STRICT_OBJC_MSGSEND = YES;
				GCC_C_LANGUAGE_STANDARD = gnu11;
				GCC_NO_COMMON_BLOCKS = YES;
				GCC_WARN_64_TO_32_BIT_CONVERSION = YES;
				GCC_WARN_ABOUT_RETURN_TYPE = YES_ERROR;
				GCC_WARN_UNDECLARED_SELECTOR = YES;
				GCC_WARN_UNINITIALIZED_AUTOS = YES_AGGRESSIVE;
				GCC_WARN_UNUSED_FUNCTION = YES;
				GCC_WARN_UNUSED_VARIABLE = YES;
				IPHONEOS_DEPLOYMENT_TARGET = 12.0;
				MTL_ENABLE_DEBUG_INFO = NO;
				MTL_FAST_MATH = YES;
				SDKROOT = iphoneos;
				SWIFT_COMPILATION_MODE = wholemodule;
				SWIFT_OPTIMIZATION_LEVEL = "-O";
				VALIDATE_PRODUCT = YES;
			};
			name = Release;
		};
		BEFB267329C9E0120065B0B8 /* Debug */ = {
			isa = XCBuildConfiguration;
			buildSettings = {
				ASSETCATALOG_COMPILER_APPICON_NAME = AppIcon;
				ASSETCATALOG_COMPILER_GLOBAL_ACCENT_COLOR_NAME = AccentColor;
				CODE_SIGN_STYLE = Automatic;
				CURRENT_PROJECT_VERSION = 1;
				DEVELOPMENT_TEAM = 5D8GMHCN78;
				GENERATE_INFOPLIST_FILE = YES;
				INFOPLIST_FILE = MyData/SupportingFiles/info.plist;
				INFOPLIST_KEY_UIApplicationSupportsIndirectInputEvents = YES;
				INFOPLIST_KEY_UILaunchStoryboardName = LaunchScreen;
				INFOPLIST_KEY_UISupportedInterfaceOrientations = UIInterfaceOrientationPortrait;
				INFOPLIST_KEY_UISupportedInterfaceOrientations_iPad = "UIInterfaceOrientationLandscapeLeft UIInterfaceOrientationLandscapeRight UIInterfaceOrientationPortrait UIInterfaceOrientationPortraitUpsideDown";
				IPHONEOS_DEPLOYMENT_TARGET = 12.0;
				LD_RUNPATH_SEARCH_PATHS = (
					"$(inherited)",
					"@executable_path/Frameworks",
				);
				MARKETING_VERSION = 1.0;
				PRODUCT_BUNDLE_IDENTIFIER = com.bael.MyData;
				PRODUCT_NAME = "$(TARGET_NAME)";
				SUPPORTED_PLATFORMS = "iphoneos iphonesimulator";
				SUPPORTS_MACCATALYST = NO;
				SUPPORTS_MAC_DESIGNED_FOR_IPHONE_IPAD = NO;
				SWIFT_EMIT_LOC_STRINGS = YES;
				SWIFT_VERSION = 5.0;
				TARGETED_DEVICE_FAMILY = 1;
			};
			name = Debug;
		};
		BEFB267429C9E0120065B0B8 /* Release */ = {
			isa = XCBuildConfiguration;
			buildSettings = {
				ASSETCATALOG_COMPILER_APPICON_NAME = AppIcon;
				ASSETCATALOG_COMPILER_GLOBAL_ACCENT_COLOR_NAME = AccentColor;
				CODE_SIGN_STYLE = Automatic;
				CURRENT_PROJECT_VERSION = 1;
				DEVELOPMENT_TEAM = 5D8GMHCN78;
				GENERATE_INFOPLIST_FILE = YES;
				INFOPLIST_FILE = MyData/SupportingFiles/info.plist;
				INFOPLIST_KEY_UIApplicationSupportsIndirectInputEvents = YES;
				INFOPLIST_KEY_UILaunchStoryboardName = LaunchScreen;
				INFOPLIST_KEY_UISupportedInterfaceOrientations = UIInterfaceOrientationPortrait;
				INFOPLIST_KEY_UISupportedInterfaceOrientations_iPad = "UIInterfaceOrientationLandscapeLeft UIInterfaceOrientationLandscapeRight UIInterfaceOrientationPortrait UIInterfaceOrientationPortraitUpsideDown";
				IPHONEOS_DEPLOYMENT_TARGET = 12.0;
				LD_RUNPATH_SEARCH_PATHS = (
					"$(inherited)",
					"@executable_path/Frameworks",
				);
				MARKETING_VERSION = 1.0;
				PRODUCT_BUNDLE_IDENTIFIER = com.bael.MyData;
				PRODUCT_NAME = "$(TARGET_NAME)";
				SUPPORTED_PLATFORMS = "iphoneos iphonesimulator";
				SUPPORTS_MACCATALYST = NO;
				SUPPORTS_MAC_DESIGNED_FOR_IPHONE_IPAD = NO;
				SWIFT_EMIT_LOC_STRINGS = YES;
				SWIFT_VERSION = 5.0;
				TARGETED_DEVICE_FAMILY = 1;
			};
			name = Release;
		};
/* End XCBuildConfiguration section */

/* Begin XCConfigurationList section */
		BEFB265929C9E0100065B0B8 /* Build configuration list for PBXProject "MyData" */ = {
			isa = XCConfigurationList;
			buildConfigurations = (
				BEFB267029C9E0120065B0B8 /* Debug */,
				BEFB267129C9E0120065B0B8 /* Release */,
			);
			defaultConfigurationIsVisible = 0;
			defaultConfigurationName = Release;
		};
		BEFB267229C9E0120065B0B8 /* Build configuration list for PBXNativeTarget "MyData" */ = {
			isa = XCConfigurationList;
			buildConfigurations = (
				BEFB267329C9E0120065B0B8 /* Debug */,
				BEFB267429C9E0120065B0B8 /* Release */,
			);
			defaultConfigurationIsVisible = 0;
			defaultConfigurationName = Release;
		};
/* End XCConfigurationList section */
	};
	rootObject = BEFB265629C9E0100065B0B8 /* Project object */;
}
